{
  "SurveyEntry": {
    "SurveyID": "SV_TEMPLATE_STANDARD",
    "SurveyName": "Standard Survey Template",
    "SurveyDescription": null,
    "SurveyOwnerID": "UR_TEMPLATE",
    "SurveyBrandID": "template",
    "DivisionID": null,
    "SurveyLanguage": "KO",
    "SurveyActiveResponseSet": "RS_TEMPLATE",
    "SurveyStatus": "Inactive",
    "SurveyStartDate": "0000-00-00 00:00:00",
    "SurveyExpirationDate": "0000-00-00 00:00:00",
    "SurveyCreationDate": "2024-01-01 00:00:00",
    "CreatorID": "UR_TEMPLATE",
    "LastModified": "2024-01-01 00:00:00",
    "LastAccessed": "0000-00-00 00:00:00",
    "LastActivated": "0000-00-00 00:00:00",
    "Deleted": null
  },
  "SurveyElements": [
    {
      "SurveyID": "SV_TEMPLATE_STANDARD",
      "Element": "BL",
      "PrimaryAttribute": "Survey Blocks",
      "SecondaryAttribute": null,
      "TertiaryAttribute": null,
      "Payload": [
        {
          "Type": "Standard",
          "Description": "Consent",
          "ID": "BL_CONSENT",
          "BlockElements": [
            {"Type": "Question", "QuestionID": "QID_CONSENT_1"}
          ]
        },
        {
          "Type": "Standard",
          "Description": "Demographics",
          "ID": "BL_DEMOGRAPHICS",
          "BlockElements": [
            {"Type": "Question", "QuestionID": "QID_DEMO_1"},
            {"Type": "Question", "QuestionID": "QID_DEMO_2"}
          ]
        },
        {
          "Type": "Standard",
          "Description": "AS Scale",
          "ID": "BL_SCALE_AS",
          "BlockElements": [
            {"Type": "Question", "QuestionID": "QID_SCALE_AS"}
          ]
        },
        {
          "Type": "Standard",
          "Description": "RC Scale",
          "ID": "BL_SCALE_RC",
          "BlockElements": [
            {"Type": "Question", "QuestionID": "QID_SCALE_RC"}
          ]
        },
        {
          "Type": "Standard",
          "Description": "ID Scale",
          "ID": "BL_SCALE_ID",
          "BlockElements": [
            {"Type": "Question", "QuestionID": "QID_SCALE_ID"}
          ]
        },
        {
          "Type": "Standard",
          "Description": "DV Scale",
          "ID": "BL_SCALE_DV",
          "BlockElements": [
            {"Type": "Question", "QuestionID": "QID_SCALE_DV"}
          ]
        },
        {
          "Type": "Standard",
          "Description": "HCD Scale",
          "ID": "BL_SCALE_HCD",
          "BlockElements": [
            {"Type": "Question", "QuestionID": "QID_SCALE_HCD"}
          ]
        },
        {
          "Type": "Standard",
          "Description": "Attention Check",
          "ID": "BL_ATTENTION",
          "BlockElements": [
            {"Type": "Question", "QuestionID": "QID_ATTENTION"}
          ]
        },
        {
          "Type": "Standard",
          "Description": "End",
          "ID": "BL_END",
          "BlockElements": [
            {"Type": "Question", "QuestionID": "QID_END"}
          ]
        }
      ]
    },
    {
      "SurveyID": "SV_TEMPLATE_STANDARD",
      "Element": "FL",
      "PrimaryAttribute": "Survey Flow",
      "SecondaryAttribute": null,
      "TertiaryAttribute": null,
      "Payload": {
        "Type": "Root",
        "FlowID": "FL_1",
        "Properties": {"Count": 10},
        "Flow": [
          {
            "Type": "EmbeddedData",
            "FlowID": "FL_2",
            "EmbeddedData": [
              {
                "Description": "PROLIFIC_PID",
                "Type": "Recipient",
                "Field": "PROLIFIC_PID",
                "VariableType": "String",
                "DataVisibility": [],
                "AnalyzeText": false,
                "Value": ""
              }
            ]
          },
          {"Type": "Standard", "ID": "BL_CONSENT", "FlowID": "FL_3"},
          {"Type": "Standard", "ID": "BL_DEMOGRAPHICS", "FlowID": "FL_4"},
          {"Type": "Standard", "ID": "BL_SCALE_AS", "FlowID": "FL_5"},
          {"Type": "Standard", "ID": "BL_SCALE_RC", "FlowID": "FL_6"},
          {"Type": "Standard", "ID": "BL_SCALE_ID", "FlowID": "FL_7"},
          {"Type": "Standard", "ID": "BL_SCALE_DV", "FlowID": "FL_8"},
          {"Type": "Standard", "ID": "BL_SCALE_HCD", "FlowID": "FL_9"},
          {"Type": "Standard", "ID": "BL_ATTENTION", "FlowID": "FL_10"},
          {"Type": "Standard", "ID": "BL_END", "FlowID": "FL_11"}
        ]
      }
    },
    {
      "SurveyID": "SV_TEMPLATE_STANDARD",
      "Element": "SO",
      "PrimaryAttribute": "Survey Options",
      "SecondaryAttribute": null,
      "TertiaryAttribute": null,
      "Payload": {
        "BackButton": "false",
        "SaveAndContinue": "true",
        "SurveyProtection": "PublicSurvey",
        "BallotBoxStuffingPrevention": "false",
        "NoIndex": "Yes",
        "SecureResponseFiles": "true",
        "SurveyExpiration": "None",
        "SurveyTermination": "DefaultMessage",
        "Header": "",
        "Footer": "",
        "ProgressBarDisplay": "VerboseText",
        "PartialData": "+1 week",
        "ValidationMessage": "",
        "PreviousButton": "",
        "NextButton": "",
        "SkinLibrary": "qualtrics",
        "SkinType": "MQ",
        "Skin": "qbase-fluid",
        "NewScoring": 1
      }
    },
    {
      "SurveyID": "SV_TEMPLATE_STANDARD",
      "Element": "SQ",
      "PrimaryAttribute": "QID_CONSENT_1",
      "SecondaryAttribute": "Consent text",
      "TertiaryAttribute": null,
      "Payload": {
        "QuestionText": "동의서 텍스트가 들어갑니다.",
        "DataExportTag": "Q_CONSENT",
        "QuestionType": "DB",
        "Selector": "TB",
        "Configuration": {"QuestionDescriptionOption": "UseText"},
        "QuestionDescription": "Consent",
        "Validation": {"Settings": {"ForceResponse": "OFF", "Type": "None"}},
        "Language": [],
        "QuestionID": "QID_CONSENT_1"
      }
    },
    {
      "SurveyID": "SV_TEMPLATE_STANDARD",
      "Element": "SQ",
      "PrimaryAttribute": "QID_DEMO_1",
      "SecondaryAttribute": "Age question placeholder",
      "TertiaryAttribute": null,
      "Payload": {
        "QuestionText": "연령대?",
        "DataExportTag": "Q_DEMO_1",
        "QuestionType": "MC",
        "Selector": "SAVR",
        "SubSelector": "TX",
        "Configuration": {"QuestionDescriptionOption": "UseText"},
        "QuestionDescription": "Age",
        "Choices": {
          "1": {"Display": "19-29세"},
          "2": {"Display": "30-39세"},
          "3": {"Display": "40-49세"},
          "4": {"Display": "50세 이상"}
        },
        "ChoiceOrder": ["1", "2", "3", "4"],
        "Validation": {"Settings": {"ForceResponse": "ON", "Type": "None"}},
        "Language": [],
        "QuestionID": "QID_DEMO_1"
      }
    },
    {
      "SurveyID": "SV_TEMPLATE_STANDARD",
      "Element": "SQ",
      "PrimaryAttribute": "QID_DEMO_2",
      "SecondaryAttribute": "Job question placeholder",
      "TertiaryAttribute": null,
      "Payload": {
        "QuestionText": "직무?",
        "DataExportTag": "Q_DEMO_2",
        "QuestionType": "MC",
        "Selector": "SAVR",
        "SubSelector": "TX",
        "Configuration": {"QuestionDescriptionOption": "UseText"},
        "QuestionDescription": "Job",
        "Choices": {
          "1": {"Display": "IT/소프트웨어"},
          "2": {"Display": "마케팅/영업"},
          "3": {"Display": "기타"}
        },
        "ChoiceOrder": ["1", "2", "3"],
        "Validation": {"Settings": {"ForceResponse": "ON", "Type": "None"}},
        "Language": [],
        "QuestionID": "QID_DEMO_2"
      }
    },
    {
      "SurveyID": "SV_TEMPLATE_STANDARD",
      "Element": "SQ",
      "PrimaryAttribute": "QID_SCALE_AS",
      "SecondaryAttribute": "AS Matrix",
      "TertiaryAttribute": null,
      "Payload": {
        "QuestionText": "다음 진술에 동의하시는 정도를 표시해 주세요.",
        "DataExportTag": "Q_AS",
        "QuestionType": "Matrix",
        "Selector": "Likert",
        "SubSelector": "SingleAnswer",
        "Configuration": {
          "QuestionDescriptionOption": "UseText",
          "TextPosition": "inline",
          "ChoiceColumnWidth": 25,
          "RepeatHeaders": "none",
          "WhiteSpace": "ON",
          "MobileFirst": true
        },
        "QuestionDescription": "AS Scale",
        "Choices": {
          "1": {"Display": "진술 1"},
          "2": {"Display": "진술 2"},
          "3": {"Display": "진술 3"},
          "4": {"Display": "진술 4"},
          "5": {"Display": "진술 5"}
        },
        "ChoiceOrder": ["1", "2", "3", "4", "5"],
        "Answers": {
          "1": {"Display": "전혀 동의하지 않는다"},
          "2": {"Display": "동의하지 않는다"},
          "3": {"Display": "약간 동의하지 않는다"},
          "4": {"Display": "보통이다"},
          "5": {"Display": "약간 동의한다"},
          "6": {"Display": "동의한다"},
          "7": {"Display": "매우 동의한다"}
        },
        "AnswerOrder": ["1", "2", "3", "4", "5", "6", "7"],
        "ChoiceDataExportTags": false,
        "Validation": {"Settings": {"ForceResponse": "ON", "Type": "None"}},
        "Language": [],
        "QuestionID": "QID_SCALE_AS"
      }
    },
    {
      "SurveyID": "SV_TEMPLATE_STANDARD",
      "Element": "SQ",
      "PrimaryAttribute": "QID_SCALE_RC",
      "SecondaryAttribute": "RC Matrix",
      "TertiaryAttribute": null,
      "Payload": {
        "QuestionText": "다음 진술에 동의하시는 정도를 표시해 주세요.",
        "DataExportTag": "Q_RC",
        "QuestionType": "Matrix",
        "Selector": "Likert",
        "SubSelector": "SingleAnswer",
        "Configuration": {
          "QuestionDescriptionOption": "UseText",
          "TextPosition": "inline",
          "ChoiceColumnWidth": 25,
          "RepeatHeaders": "none",
          "WhiteSpace": "ON",
          "MobileFirst": true
        },
        "QuestionDescription": "RC Scale",
        "Choices": {
          "1": {"Display": "진술 1"},
          "2": {"Display": "진술 2"},
          "3": {"Display": "진술 3"},
          "4": {"Display": "진술 4"},
          "5": {"Display": "진술 5"}
        },
        "ChoiceOrder": ["1", "2", "3", "4", "5"],
        "Answers": {
          "1": {"Display": "전혀 동의하지 않는다"},
          "2": {"Display": "동의하지 않는다"},
          "3": {"Display": "약간 동의하지 않는다"},
          "4": {"Display": "보통이다"},
          "5": {"Display": "약간 동의한다"},
          "6": {"Display": "동의한다"},
          "7": {"Display": "매우 동의한다"}
        },
        "AnswerOrder": ["1", "2", "3", "4", "5", "6", "7"],
        "Validation": {"Settings": {"ForceResponse": "ON", "Type": "None"}},
        "Language": [],
        "QuestionID": "QID_SCALE_RC"
      }
    },
    {
      "SurveyID": "SV_TEMPLATE_STANDARD",
      "Element": "SQ",
      "PrimaryAttribute": "QID_SCALE_ID",
      "SecondaryAttribute": "ID Matrix",
      "TertiaryAttribute": null,
      "Payload": {
        "QuestionText": "다음 진술에 동의하시는 정도를 표시해 주세요.",
        "DataExportTag": "Q_ID",
        "QuestionType": "Matrix",
        "Selector": "Likert",
        "SubSelector": "SingleAnswer",
        "Configuration": {
          "QuestionDescriptionOption": "UseText",
          "TextPosition": "inline",
          "ChoiceColumnWidth": 25,
          "RepeatHeaders": "none",
          "WhiteSpace": "ON",
          "MobileFirst": true
        },
        "QuestionDescription": "ID Scale",
        "Choices": {
          "1": {"Display": "진술 1"},
          "2": {"Display": "진술 2"},
          "3": {"Display": "진술 3"},
          "4": {"Display": "진술 4"},
          "5": {"Display": "진술 5"}
        },
        "ChoiceOrder": ["1", "2", "3", "4", "5"],
        "Answers": {
          "1": {"Display": "전혀 동의하지 않는다"},
          "2": {"Display": "동의하지 않는다"},
          "3": {"Display": "약간 동의하지 않는다"},
          "4": {"Display": "보통이다"},
          "5": {"Display": "약간 동의한다"},
          "6": {"Display": "동의한다"},
          "7": {"Display": "매우 동의한다"}
        },
        "AnswerOrder": ["1", "2", "3", "4", "5", "6", "7"],
        "Validation": {"Settings": {"ForceResponse": "ON", "Type": "None"}},
        "Language": [],
        "QuestionID": "QID_SCALE_ID"
      }
    },
    {
      "SurveyID": "SV_TEMPLATE_STANDARD",
      "Element": "SQ",
      "PrimaryAttribute": "QID_SCALE_DV",
      "SecondaryAttribute": "DV Matrix",
      "TertiaryAttribute": null,
      "Payload": {
        "QuestionText": "다음 진술에 동의하시는 정도를 표시해 주세요.",
        "DataExportTag": "Q_DV",
        "QuestionType": "Matrix",
        "Selector": "Likert",
        "SubSelector": "SingleAnswer",
        "Configuration": {
          "QuestionDescriptionOption": "UseText",
          "TextPosition": "inline",
          "ChoiceColumnWidth": 25,
          "RepeatHeaders": "none",
          "WhiteSpace": "ON",
          "MobileFirst": true
        },
        "QuestionDescription": "DV Scale",
        "Choices": {
          "1": {"Display": "진술 1"},
          "2": {"Display": "진술 2"},
          "3": {"Display": "진술 3"},
          "4": {"Display": "진술 4"},
          "5": {"Display": "진술 5"}
        },
        "ChoiceOrder": ["1", "2", "3", "4", "5"],
        "Answers": {
          "1": {"Display": "전혀 동의하지 않는다"},
          "2": {"Display": "동의하지 않는다"},
          "3": {"Display": "약간 동의하지 않는다"},
          "4": {"Display": "보통이다"},
          "5": {"Display": "약간 동의한다"},
          "6": {"Display": "동의한다"},
          "7": {"Display": "매우 동의한다"}
        },
        "AnswerOrder": ["1", "2", "3", "4", "5", "6", "7"],
        "Validation": {"Settings": {"ForceResponse": "ON", "Type": "None"}},
        "Language": [],
        "QuestionID": "QID_SCALE_DV"
      }
    },
    {
      "SurveyID": "SV_TEMPLATE_STANDARD",
      "Element": "SQ",
      "PrimaryAttribute": "QID_SCALE_HCD",
      "SecondaryAttribute": "HCD Matrix",
      "TertiaryAttribute": null,
      "Payload": {
        "QuestionText": "다음 진술에 동의하시는 정도를 표시해 주세요.",
        "DataExportTag": "Q_HCD",
        "QuestionType": "Matrix",
        "Selector": "Likert",
        "SubSelector": "SingleAnswer",
        "Configuration": {
          "QuestionDescriptionOption": "UseText",
          "TextPosition": "inline",
          "ChoiceColumnWidth": 25,
          "RepeatHeaders": "none",
          "WhiteSpace": "ON",
          "MobileFirst": true
        },
        "QuestionDescription": "HCD Scale",
        "Choices": {
          "1": {"Display": "진술 1"},
          "2": {"Display": "진술 2"},
          "3": {"Display": "진술 3"},
          "4": {"Display": "진술 4"},
          "5": {"Display": "진술 5"}
        },
        "ChoiceOrder": ["1", "2", "3", "4", "5"],
        "Answers": {
          "1": {"Display": "전혀 동의하지 않는다"},
          "2": {"Display": "동의하지 않는다"},
          "3": {"Display": "약간 동의하지 않는다"},
          "4": {"Display": "보통이다"},
          "5": {"Display": "약간 동의한다"},
          "6": {"Display": "동의한다"},
          "7": {"Display": "매우 동의한다"}
        },
        "AnswerOrder": ["1", "2", "3", "4", "5", "6", "7"],
        "Validation": {"Settings": {"ForceResponse": "ON", "Type": "None"}},
        "Language": [],
        "QuestionID": "QID_SCALE_HCD"
      }
    },
    {
      "SurveyID": "SV_TEMPLATE_STANDARD",
      "Element": "SQ",
      "PrimaryAttribute": "QID_ATTENTION",
      "SecondaryAttribute": "Attention check",
      "TertiaryAttribute": null,
      "Payload": {
        "QuestionText": "주의 깊게 읽고 있다면 '5번 (약간 동의한다)'을 선택해 주세요.",
        "DataExportTag": "Q_ATTENTION",
        "QuestionType": "MC",
        "Selector": "SAVR",
        "SubSelector": "TX",
        "Configuration": {"QuestionDescriptionOption": "UseText"},
        "QuestionDescription": "Attention check",
        "Choices": {
          "1": {"Display": "1 (전혀 동의하지 않는다)"},
          "2": {"Display": "2"},
          "3": {"Display": "3"},
          "4": {"Display": "4 (보통이다)"},
          "5": {"Display": "5 (약간 동의한다)"},
          "6": {"Display": "6"},
          "7": {"Display": "7 (매우 동의한다)"}
        },
        "ChoiceOrder": ["1", "2", "3", "4", "5", "6", "7"],
        "Validation": {"Settings": {"ForceResponse": "ON", "Type": "None"}},
        "Language": [],
        "QuestionID": "QID_ATTENTION"
      }
    },
    {
      "SurveyID": "SV_TEMPLATE_STANDARD",
      "Element": "SQ",
      "PrimaryAttribute": "QID_END",
      "SecondaryAttribute": "End message",
      "TertiaryAttribute": null,
      "Payload": {
        "QuestionText": "설문에 참여해 주셔서 감사합니다.\n\nProlific Completion Code: COMPLETION_CODE_PLACEHOLDER\n\n위 코드를 Prolific에 입력하셔야 보상이 지급됩니다.",
        "DataExportTag": "Q_END",
        "QuestionType": "DB",
        "Selector": "TB",
        "Configuration": {"QuestionDescriptionOption": "UseText"},
        "QuestionDescription": "End",
        "Validation": {"Settings": {"ForceResponse": "OFF", "Type": "None"}},
        "Language": [],
        "QuestionID": "QID_END"
      }
    }
  ]
}
